// !$*UTF8*$!
{
	archiveVersion = 1;
	classes = {
	};
	objectVersion = 56;
	objects = {

/* Begin PBXBuildFile section */
		3E001FC82B9D83B500BF3E5E /* SettingRowView.swift in Sources */ = {isa = PBXBuildFile; fileRef = 3E001FC62B9D83B500BF3E5E /* SettingRowView.swift */; };
		3E001FC92B9D83B500BF3E5E /* InputView.swift in Sources */ = {isa = PBXBuildFile; fileRef = 3E001FC72B9D83B500BF3E5E /* InputView.swift */; };
		3E6DA5842B940B530091C8A6 /* ProfileView.swift in Sources */ = {isa = PBXBuildFile; fileRef = 3E6DA5832B940B530091C8A6 /* ProfileView.swift */; };
		3E6DA5882B94296D0091C8A6 /* User.swift in Sources */ = {isa = PBXBuildFile; fileRef = 3E6DA5872B94296D0091C8A6 /* User.swift */; };
		3E6DA58A2B942DC90091C8A6 /* User+mock.swift in Sources */ = {isa = PBXBuildFile; fileRef = 3E6DA5892B942DC90091C8A6 /* User+mock.swift */; };
		3E6DA58C2B9431210091C8A6 /* AuthViewModel.swift in Sources */ = {isa = PBXBuildFile; fileRef = 3E6DA58B2B9431210091C8A6 /* AuthViewModel.swift */; };
		3E6DA58E2B943BFF0091C8A6 /* MainView.swift in Sources */ = {isa = PBXBuildFile; fileRef = 3E6DA58D2B943BFF0091C8A6 /* MainView.swift */; };
		3E6DA5912B9C7FAE0091C8A6 /* RswiftLibrary in Frameworks */ = {isa = PBXBuildFile; productRef = 3E6DA5902B9C7FAE0091C8A6 /* RswiftLibrary */; };
		3E6DA5932B9C7FAE0091C8A6 /* rswift in Frameworks */ = {isa = PBXBuildFile; productRef = 3E6DA5922B9C7FAE0091C8A6 /* rswift */; };
		3E6DA59A2B9C87A70091C8A6 /* Localizable.strings in Resources */ = {isa = PBXBuildFile; fileRef = 3E6DA59C2B9C87A70091C8A6 /* Localizable.strings */; };
		3E7F72A92B5CF90E00922DB8 /* BottomSheetView.swift in Sources */ = {isa = PBXBuildFile; fileRef = 3E7F72A82B5CF90E00922DB8 /* BottomSheetView.swift */; };
		3EA9F0502B468EA3002206EE /* BurgerMapApp.swift in Sources */ = {isa = PBXBuildFile; fileRef = 3EA9F04F2B468EA3002206EE /* BurgerMapApp.swift */; };
		3EA9F0522B468EA3002206EE /* ContentView.swift in Sources */ = {isa = PBXBuildFile; fileRef = 3EA9F0512B468EA3002206EE /* ContentView.swift */; };
		3EA9F0542B468EA4002206EE /* Assets.xcassets in Resources */ = {isa = PBXBuildFile; fileRef = 3EA9F0532B468EA4002206EE /* Assets.xcassets */; };
		3EA9F0572B468EA4002206EE /* Preview Assets.xcassets in Resources */ = {isa = PBXBuildFile; fileRef = 3EA9F0562B468EA4002206EE /* Preview Assets.xcassets */; };
		3EA9F05E2B4691BC002206EE /* MapView.swift in Sources */ = {isa = PBXBuildFile; fileRef = 3EA9F05D2B4691BB002206EE /* MapView.swift */; };
		3EA9F0612B4B91FA002206EE /* Shop.swift in Sources */ = {isa = PBXBuildFile; fileRef = 3EA9F0602B4B91FA002206EE /* Shop.swift */; };
		3EA9F0632B4B9331002206EE /* Shop+mock.swift in Sources */ = {isa = PBXBuildFile; fileRef = 3EA9F0622B4B9331002206EE /* Shop+mock.swift */; };
		3EA9F0692B4B991B002206EE /* MapCameraPosition+Sample.swift in Sources */ = {isa = PBXBuildFile; fileRef = 3EA9F0682B4B991B002206EE /* MapCameraPosition+Sample.swift */; };
		3EA9F06B2B4BA17F002206EE /* IndicatorView.swift in Sources */ = {isa = PBXBuildFile; fileRef = 3EA9F06A2B4BA17F002206EE /* IndicatorView.swift */; };
		3EA9F0702B4BF24C002206EE /* Stateful.swift in Sources */ = {isa = PBXBuildFile; fileRef = 3EA9F06F2B4BF24C002206EE /* Stateful.swift */; };
		3EA9F0722B4BFA21002206EE /* FailureView.swift in Sources */ = {isa = PBXBuildFile; fileRef = 3EA9F0712B4BFA21002206EE /* FailureView.swift */; };
		3EA9F0752B4C0006002206EE /* ShopViewModel.swift in Sources */ = {isa = PBXBuildFile; fileRef = 3EA9F0742B4C0006002206EE /* ShopViewModel.swift */; };
		3EA9F0782B4C007C002206EE /* ShopAPIClient.swift in Sources */ = {isa = PBXBuildFile; fileRef = 3EA9F0772B4C007C002206EE /* ShopAPIClient.swift */; };
		3EA9F07A2B4C093C002206EE /* LocationManager.swift in Sources */ = {isa = PBXBuildFile; fileRef = 3EA9F0792B4C093C002206EE /* LocationManager.swift */; };
		3EA9F07C2B4C0C55002206EE /* CLLocationCoordinate2D+Sample.swift in Sources */ = {isa = PBXBuildFile; fileRef = 3EA9F07B2B4C0C55002206EE /* CLLocationCoordinate2D+Sample.swift */; };
		3EDAD69A2B652AB5000071B6 /* FavoriteShopsView.swift in Sources */ = {isa = PBXBuildFile; fileRef = 3EDAD6992B652AB5000071B6 /* FavoriteShopsView.swift */; };
		3EDAD69F2B6530C3000071B6 /* FavoriteShopCell.swift in Sources */ = {isa = PBXBuildFile; fileRef = 3EDAD69E2B6530C3000071B6 /* FavoriteShopCell.swift */; };
		3EDB8CA72C562990008E077D /* GoogleService-Info.plist in Resources */ = {isa = PBXBuildFile; fileRef = 3EDB8CA62C562990008E077D /* GoogleService-Info.plist */; };
		3EDB8CB52C56320A008E077D /* FirebaseAuth in Frameworks */ = {isa = PBXBuildFile; productRef = 3EDB8CB42C56320A008E077D /* FirebaseAuth */; };
		3EDB8CB82C563242008E077D /* FirebaseFirestore in Frameworks */ = {isa = PBXBuildFile; productRef = 3EDB8CB72C563242008E077D /* FirebaseFirestore */; };
		3EDB8CBD2C563355008E077D /* Credentials.swift in Sources */ = {isa = PBXBuildFile; fileRef = 3EDB8CBC2C563355008E077D /* Credentials.swift */; };
		3EE15B1E2B6E279900BB72A9 /* AppDelegate.swift in Sources */ = {isa = PBXBuildFile; fileRef = 3EE15B1D2B6E279900BB72A9 /* AppDelegate.swift */; };
		3EE3E7FB2B940208001BE789 /* SignInView.swift in Sources */ = {isa = PBXBuildFile; fileRef = 3EE3E7FA2B940208001BE789 /* SignInView.swift */; };
		3EE3E8002B94030C001BE789 /* SignUpView.swift in Sources */ = {isa = PBXBuildFile; fileRef = 3EE3E7FF2B94030C001BE789 /* SignUpView.swift */; };
/* End PBXBuildFile section */

/* Begin PBXFileReference section */
		3E001FC62B9D83B500BF3E5E /* SettingRowView.swift */ = {isa = PBXFileReference; fileEncoding = 4; lastKnownFileType = sourcecode.swift; path = SettingRowView.swift; sourceTree = "<group>"; };
		3E001FC72B9D83B500BF3E5E /* InputView.swift */ = {isa = PBXFileReference; fileEncoding = 4; lastKnownFileType = sourcecode.swift; path = InputView.swift; sourceTree = "<group>"; };
		3E6DA5832B940B530091C8A6 /* ProfileView.swift */ = {isa = PBXFileReference; lastKnownFileType = sourcecode.swift; path = ProfileView.swift; sourceTree = "<group>"; };
		3E6DA5872B94296D0091C8A6 /* User.swift */ = {isa = PBXFileReference; lastKnownFileType = sourcecode.swift; path = User.swift; sourceTree = "<group>"; };
		3E6DA5892B942DC90091C8A6 /* User+mock.swift */ = {isa = PBXFileReference; lastKnownFileType = sourcecode.swift; path = "User+mock.swift"; sourceTree = "<group>"; };
		3E6DA58B2B9431210091C8A6 /* AuthViewModel.swift */ = {isa = PBXFileReference; lastKnownFileType = sourcecode.swift; path = AuthViewModel.swift; sourceTree = "<group>"; };
		3E6DA58D2B943BFF0091C8A6 /* MainView.swift */ = {isa = PBXFileReference; lastKnownFileType = sourcecode.swift; path = MainView.swift; sourceTree = "<group>"; };
		3E6DA59B2B9C87A70091C8A6 /* en */ = {isa = PBXFileReference; lastKnownFileType = text.plist.strings; name = en; path = en.lproj/Localizable.strings; sourceTree = "<group>"; };
		3E6DA59D2B9C88450091C8A6 /* ja */ = {isa = PBXFileReference; lastKnownFileType = text.plist.strings; name = ja; path = ja.lproj/Localizable.strings; sourceTree = "<group>"; };
		3E7F72A82B5CF90E00922DB8 /* BottomSheetView.swift */ = {isa = PBXFileReference; lastKnownFileType = sourcecode.swift; path = BottomSheetView.swift; sourceTree = "<group>"; };
		3EA9F04C2B468EA3002206EE /* BurgerMap.app */ = {isa = PBXFileReference; explicitFileType = wrapper.application; includeInIndex = 0; path = BurgerMap.app; sourceTree = BUILT_PRODUCTS_DIR; };
		3EA9F04F2B468EA3002206EE /* BurgerMapApp.swift */ = {isa = PBXFileReference; lastKnownFileType = sourcecode.swift; path = BurgerMapApp.swift; sourceTree = "<group>"; };
		3EA9F0512B468EA3002206EE /* ContentView.swift */ = {isa = PBXFileReference; lastKnownFileType = sourcecode.swift; path = ContentView.swift; sourceTree = "<group>"; };
		3EA9F0532B468EA4002206EE /* Assets.xcassets */ = {isa = PBXFileReference; lastKnownFileType = folder.assetcatalog; path = Assets.xcassets; sourceTree = "<group>"; };
		3EA9F0562B468EA4002206EE /* Preview Assets.xcassets */ = {isa = PBXFileReference; lastKnownFileType = folder.assetcatalog; path = "Preview Assets.xcassets"; sourceTree = "<group>"; };
		3EA9F05D2B4691BB002206EE /* MapView.swift */ = {isa = PBXFileReference; lastKnownFileType = sourcecode.swift; path = MapView.swift; sourceTree = "<group>"; };
		3EA9F0602B4B91FA002206EE /* Shop.swift */ = {isa = PBXFileReference; lastKnownFileType = sourcecode.swift; path = Shop.swift; sourceTree = "<group>"; };
		3EA9F0622B4B9331002206EE /* Shop+mock.swift */ = {isa = PBXFileReference; lastKnownFileType = sourcecode.swift; path = "Shop+mock.swift"; sourceTree = "<group>"; };
		3EA9F0682B4B991B002206EE /* MapCameraPosition+Sample.swift */ = {isa = PBXFileReference; lastKnownFileType = sourcecode.swift; path = "MapCameraPosition+Sample.swift"; sourceTree = "<group>"; };
		3EA9F06A2B4BA17F002206EE /* IndicatorView.swift */ = {isa = PBXFileReference; lastKnownFileType = sourcecode.swift; path = IndicatorView.swift; sourceTree = "<group>"; };
		3EA9F06F2B4BF24C002206EE /* Stateful.swift */ = {isa = PBXFileReference; lastKnownFileType = sourcecode.swift; path = Stateful.swift; sourceTree = "<group>"; };
		3EA9F0712B4BFA21002206EE /* FailureView.swift */ = {isa = PBXFileReference; lastKnownFileType = sourcecode.swift; path = FailureView.swift; sourceTree = "<group>"; };
		3EA9F0742B4C0006002206EE /* ShopViewModel.swift */ = {isa = PBXFileReference; lastKnownFileType = sourcecode.swift; path = ShopViewModel.swift; sourceTree = "<group>"; };
		3EA9F0772B4C007C002206EE /* ShopAPIClient.swift */ = {isa = PBXFileReference; lastKnownFileType = sourcecode.swift; path = ShopAPIClient.swift; sourceTree = "<group>"; };
		3EA9F0792B4C093C002206EE /* LocationManager.swift */ = {isa = PBXFileReference; lastKnownFileType = sourcecode.swift; path = LocationManager.swift; sourceTree = "<group>"; };
		3EA9F07B2B4C0C55002206EE /* CLLocationCoordinate2D+Sample.swift */ = {isa = PBXFileReference; lastKnownFileType = sourcecode.swift; path = "CLLocationCoordinate2D+Sample.swift"; sourceTree = "<group>"; };
		3EDAD6992B652AB5000071B6 /* FavoriteShopsView.swift */ = {isa = PBXFileReference; lastKnownFileType = sourcecode.swift; path = FavoriteShopsView.swift; sourceTree = "<group>"; };
		3EDAD69E2B6530C3000071B6 /* FavoriteShopCell.swift */ = {isa = PBXFileReference; lastKnownFileType = sourcecode.swift; path = FavoriteShopCell.swift; sourceTree = "<group>"; };
		3EDB8CA62C562990008E077D /* GoogleService-Info.plist */ = {isa = PBXFileReference; lastKnownFileType = text.plist.xml; path = "GoogleService-Info.plist"; sourceTree = "<group>"; };
		3EDB8CBC2C563355008E077D /* Credentials.swift */ = {isa = PBXFileReference; lastKnownFileType = sourcecode.swift; path = Credentials.swift; sourceTree = "<group>"; };
		3EE15B1D2B6E279900BB72A9 /* AppDelegate.swift */ = {isa = PBXFileReference; lastKnownFileType = sourcecode.swift; path = AppDelegate.swift; sourceTree = "<group>"; };
		3EE3E7FA2B940208001BE789 /* SignInView.swift */ = {isa = PBXFileReference; fileEncoding = 4; lastKnownFileType = sourcecode.swift; path = SignInView.swift; sourceTree = "<group>"; };
		3EE3E7FF2B94030C001BE789 /* SignUpView.swift */ = {isa = PBXFileReference; lastKnownFileType = sourcecode.swift; path = SignUpView.swift; sourceTree = "<group>"; };
/* End PBXFileReference section */

/* Begin PBXFrameworksBuildPhase section */
		3EA9F0492B468EA3002206EE /* Frameworks */ = {
			isa = PBXFrameworksBuildPhase;
			buildActionMask = 2147483647;
			files = (
				3E6DA5932B9C7FAE0091C8A6 /* rswift in Frameworks */,
				3EDB8CB82C563242008E077D /* FirebaseFirestore in Frameworks */,
				3EDB8CB52C56320A008E077D /* FirebaseAuth in Frameworks */,
				3E6DA5912B9C7FAE0091C8A6 /* RswiftLibrary in Frameworks */,
			);
			runOnlyForDeploymentPostprocessing = 0;
		};
/* End PBXFrameworksBuildPhase section */

/* Begin PBXGroup section */
		3E001FCA2B9D83E300BF3E5E /* Views */ = {
			isa = PBXGroup;
			children = (
				3EA9F05D2B4691BB002206EE /* MapView.swift */,
				3E7F72A82B5CF90E00922DB8 /* BottomSheetView.swift */,
			);
			path = Views;
			sourceTree = "<group>";
		};
		3E001FCB2B9D83F500BF3E5E /* ViewModels */ = {
			isa = PBXGroup;
			children = (
				3EA9F0742B4C0006002206EE /* ShopViewModel.swift */,
			);
			path = ViewModels;
			sourceTree = "<group>";
		};
		3E001FCC2B9D840D00BF3E5E /* Views */ = {
			isa = PBXGroup;
			children = (
				3EDAD6992B652AB5000071B6 /* FavoriteShopsView.swift */,
				3EDAD69E2B6530C3000071B6 /* FavoriteShopCell.swift */,
			);
			path = Views;
			sourceTree = "<group>";
		};
		3E001FCD2B9D842C00BF3E5E /* Views */ = {
			isa = PBXGroup;
			children = (
				3EE3E7FA2B940208001BE789 /* SignInView.swift */,
				3EE3E7FF2B94030C001BE789 /* SignUpView.swift */,
				3E001FC72B9D83B500BF3E5E /* InputView.swift */,
			);
			path = Views;
			sourceTree = "<group>";
		};
		3E001FCE2B9D843700BF3E5E /* ViewModels */ = {
			isa = PBXGroup;
			children = (
				3E6DA58B2B9431210091C8A6 /* AuthViewModel.swift */,
			);
			path = ViewModels;
			sourceTree = "<group>";
		};
		3E001FCF2B9D845C00BF3E5E /* Views */ = {
			isa = PBXGroup;
			children = (
				3E6DA5832B940B530091C8A6 /* ProfileView.swift */,
				3E001FC62B9D83B500BF3E5E /* SettingRowView.swift */,
			);
			path = Views;
			sourceTree = "<group>";
		};
		3E001FD12B9D84AA00BF3E5E /* Main */ = {
			isa = PBXGroup;
			children = (
				3E6DA58D2B943BFF0091C8A6 /* MainView.swift */,
			);
			path = Main;
			sourceTree = "<group>";
		};
		3E001FD32B9D853400BF3E5E /* App */ = {
			isa = PBXGroup;
			children = (
				3EA9F04F2B468EA3002206EE /* BurgerMapApp.swift */,
				3EE15B1D2B6E279900BB72A9 /* AppDelegate.swift */,
			);
			path = App;
			sourceTree = "<group>";
		};
		3E001FD42B9D854200BF3E5E /* CoreLogics */ = {
			isa = PBXGroup;
			children = (
				3EA9F0792B4C093C002206EE /* LocationManager.swift */,
			);
			path = CoreLogics;
			sourceTree = "<group>";
		};
		3E6DA5822B940B410091C8A6 /* Profile */ = {
			isa = PBXGroup;
			children = (
				3E001FCF2B9D845C00BF3E5E /* Views */,
			);
			path = Profile;
			sourceTree = "<group>";
		};
		3E6DA5992B9C87720091C8A6 /* Resources */ = {
			isa = PBXGroup;
			children = (
				3EA9F0532B468EA4002206EE /* Assets.xcassets */,
				3E6DA59C2B9C87A70091C8A6 /* Localizable.strings */,
			);
			name = Resources;
			path = Utilities/Resources;
			sourceTree = "<group>";
		};
		3EA9F0432B468EA3002206EE = {
			isa = PBXGroup;
			children = (
				3EA9F04E2B468EA3002206EE /* BurgerMap */,
				3EA9F04D2B468EA3002206EE /* Products */,
				3EDB8CB32C56320A008E077D /* Frameworks */,
			);
			sourceTree = "<group>";
		};
		3EA9F04D2B468EA3002206EE /* Products */ = {
			isa = PBXGroup;
			children = (
				3EA9F04C2B468EA3002206EE /* BurgerMap.app */,
			);
			name = Products;
			sourceTree = "<group>";
		};
		3EA9F04E2B468EA3002206EE /* BurgerMap */ = {
			isa = PBXGroup;
			children = (
				3E001FD32B9D853400BF3E5E /* App */,
				3EA9F0642B4B97C8002206EE /* Core */,
				3EA9F05F2B4B91E7002206EE /* Models */,
				3EA9F0762B4C003B002206EE /* APIClients */,
				3E001FD42B9D854200BF3E5E /* CoreLogics */,
				3EA9F0672B4B9859002206EE /* Extensions */,
				3EA9F06E2B4BF21C002206EE /* Utilities */,
				3EDB8CBA2C563309008E077D /* Credentials */,
				3E6DA5992B9C87720091C8A6 /* Resources */,
				3EDB8CA62C562990008E077D /* GoogleService-Info.plist */,
				3EA9F0552B468EA4002206EE /* Preview Content */,
			);
			path = BurgerMap;
			sourceTree = "<group>";
		};
		3EA9F0552B468EA4002206EE /* Preview Content */ = {
			isa = PBXGroup;
			children = (
				3EA9F0562B468EA4002206EE /* Preview Assets.xcassets */,
				3EA9F0622B4B9331002206EE /* Shop+mock.swift */,
				3E6DA5892B942DC90091C8A6 /* User+mock.swift */,
			);
			path = "Preview Content";
			sourceTree = "<group>";
		};
		3EA9F05F2B4B91E7002206EE /* Models */ = {
			isa = PBXGroup;
			children = (
				3EA9F0602B4B91FA002206EE /* Shop.swift */,
				3E6DA5872B94296D0091C8A6 /* User.swift */,
			);
			path = Models;
			sourceTree = "<group>";
		};
		3EA9F0642B4B97C8002206EE /* Core */ = {
			isa = PBXGroup;
			children = (
				3EA9F0512B468EA3002206EE /* ContentView.swift */,
				3E001FD12B9D84AA00BF3E5E /* Main */,
				3EE3E7F92B940208001BE789 /* Auth */,
				3EDAD69B2B652C13000071B6 /* Map */,
				3EDAD69C2B652C35000071B6 /* FavoriteShops */,
				3E6DA5822B940B410091C8A6 /* Profile */,
				3EDAD69D2B652C4E000071B6 /* Common */,
			);
			path = Core;
			sourceTree = "<group>";
		};
		3EA9F0672B4B9859002206EE /* Extensions */ = {
			isa = PBXGroup;
			children = (
				3EA9F0682B4B991B002206EE /* MapCameraPosition+Sample.swift */,
				3EA9F07B2B4C0C55002206EE /* CLLocationCoordinate2D+Sample.swift */,
			);
			path = Extensions;
			sourceTree = "<group>";
		};
		3EA9F06E2B4BF21C002206EE /* Utilities */ = {
			isa = PBXGroup;
			children = (
				3EA9F06F2B4BF24C002206EE /* Stateful.swift */,
			);
			path = Utilities;
			sourceTree = "<group>";
		};
		3EA9F0762B4C003B002206EE /* APIClients */ = {
			isa = PBXGroup;
			children = (
				3EA9F0772B4C007C002206EE /* ShopAPIClient.swift */,
			);
			path = APIClients;
			sourceTree = "<group>";
		};
		3EDAD69B2B652C13000071B6 /* Map */ = {
			isa = PBXGroup;
			children = (
				3E001FCA2B9D83E300BF3E5E /* Views */,
				3E001FCB2B9D83F500BF3E5E /* ViewModels */,
			);
			path = Map;
			sourceTree = "<group>";
		};
		3EDAD69C2B652C35000071B6 /* FavoriteShops */ = {
			isa = PBXGroup;
			children = (
				3E001FCC2B9D840D00BF3E5E /* Views */,
			);
			path = FavoriteShops;
			sourceTree = "<group>";
		};
		3EDAD69D2B652C4E000071B6 /* Common */ = {
			isa = PBXGroup;
			children = (
				3EA9F06A2B4BA17F002206EE /* IndicatorView.swift */,
				3EA9F0712B4BFA21002206EE /* FailureView.swift */,
			);
			path = Common;
			sourceTree = "<group>";
		};
		3EDB8CB32C56320A008E077D /* Frameworks */ = {
			isa = PBXGroup;
			children = (
			);
			name = Frameworks;
			sourceTree = "<group>";
		};
		3EDB8CBA2C563309008E077D /* Credentials */ = {
			isa = PBXGroup;
			children = (
				3EDB8CBC2C563355008E077D /* Credentials.swift */,
			);
			path = Credentials;
			sourceTree = "<group>";
		};
		3EE3E7F92B940208001BE789 /* Auth */ = {
			isa = PBXGroup;
			children = (
				3E001FCD2B9D842C00BF3E5E /* Views */,
				3E001FCE2B9D843700BF3E5E /* ViewModels */,
			);
			path = Auth;
			sourceTree = "<group>";
		};
/* End PBXGroup section */

/* Begin PBXNativeTarget section */
		3EA9F04B2B468EA3002206EE /* BurgerMap */ = {
			isa = PBXNativeTarget;
			buildConfigurationList = 3EA9F05A2B468EA4002206EE /* Build configuration list for PBXNativeTarget "BurgerMap" */;
			buildPhases = (
				3EA9F0482B468EA3002206EE /* Sources */,
				3EA9F0492B468EA3002206EE /* Frameworks */,
				3EA9F04A2B468EA3002206EE /* Resources */,
			);
			buildRules = (
			);
			dependencies = (
				3E6DA5952B9C7FF00091C8A6 /* PBXTargetDependency */,
			);
			name = BurgerMap;
			packageProductDependencies = (
				3E6DA5902B9C7FAE0091C8A6 /* RswiftLibrary */,
				3E6DA5922B9C7FAE0091C8A6 /* rswift */,
				3EDB8CB42C56320A008E077D /* FirebaseAuth */,
				3EDB8CB72C563242008E077D /* FirebaseFirestore */,
			);
			productName = BurgerMap;
			productReference = 3EA9F04C2B468EA3002206EE /* BurgerMap.app */;
			productType = "com.apple.product-type.application";
		};
/* End PBXNativeTarget section */

/* Begin PBXProject section */
		3EA9F0442B468EA3002206EE /* Project object */ = {
			isa = PBXProject;
			attributes = {
				BuildIndependentTargetsInParallel = 1;
				LastSwiftUpdateCheck = 1500;
				LastUpgradeCheck = 1500;
				TargetAttributes = {
					3EA9F04B2B468EA3002206EE = {
						CreatedOnToolsVersion = 15.0.1;
					};
				};
			};
			buildConfigurationList = 3EA9F0472B468EA3002206EE /* Build configuration list for PBXProject "BurgerMap" */;
			compatibilityVersion = "Xcode 14.0";
			developmentRegion = en;
			hasScannedForEncodings = 0;
			knownRegions = (
				en,
				Base,
				ja,
			);
			mainGroup = 3EA9F0432B468EA3002206EE;
			packageReferences = (
				3E6DA58F2B9C7FAE0091C8A6 /* XCRemoteSwiftPackageReference "R" */,
				3EDB8CB12C5631AA008E077D /* XCRemoteSwiftPackageReference "firebase-ios-sdk" */,
			);
			productRefGroup = 3EA9F04D2B468EA3002206EE /* Products */;
			projectDirPath = "";
			projectRoot = "";
			targets = (
				3EA9F04B2B468EA3002206EE /* BurgerMap */,
			);
		};
/* End PBXProject section */

/* Begin PBXResourcesBuildPhase section */
		3EA9F04A2B468EA3002206EE /* Resources */ = {
			isa = PBXResourcesBuildPhase;
			buildActionMask = 2147483647;
			files = (
				3EA9F0572B468EA4002206EE /* Preview Assets.xcassets in Resources */,
				3EDB8CA72C562990008E077D /* GoogleService-Info.plist in Resources */,
				3E6DA59A2B9C87A70091C8A6 /* Localizable.strings in Resources */,
				3EA9F0542B468EA4002206EE /* Assets.xcassets in Resources */,
			);
			runOnlyForDeploymentPostprocessing = 0;
		};
/* End PBXResourcesBuildPhase section */

/* Begin PBXSourcesBuildPhase section */
		3EA9F0482B468EA3002206EE /* Sources */ = {
			isa = PBXSourcesBuildPhase;
			buildActionMask = 2147483647;
			files = (
				3EA9F0522B468EA3002206EE /* ContentView.swift in Sources */,
				3EA9F0722B4BFA21002206EE /* FailureView.swift in Sources */,
				3E6DA5842B940B530091C8A6 /* ProfileView.swift in Sources */,
				3EA9F05E2B4691BC002206EE /* MapView.swift in Sources */,
				3EA9F07C2B4C0C55002206EE /* CLLocationCoordinate2D+Sample.swift in Sources */,
				3EA9F0692B4B991B002206EE /* MapCameraPosition+Sample.swift in Sources */,
				3EDAD69F2B6530C3000071B6 /* FavoriteShopCell.swift in Sources */,
				3EA9F0782B4C007C002206EE /* ShopAPIClient.swift in Sources */,
				3EA9F0702B4BF24C002206EE /* Stateful.swift in Sources */,
				3EA9F06B2B4BA17F002206EE /* IndicatorView.swift in Sources */,
				3EE3E8002B94030C001BE789 /* SignUpView.swift in Sources */,
				3EE3E7FB2B940208001BE789 /* SignInView.swift in Sources */,
				3EA9F0502B468EA3002206EE /* BurgerMapApp.swift in Sources */,
				3EDAD69A2B652AB5000071B6 /* FavoriteShopsView.swift in Sources */,
				3E001FC92B9D83B500BF3E5E /* InputView.swift in Sources */,
				3EE15B1E2B6E279900BB72A9 /* AppDelegate.swift in Sources */,
				3EDB8CBD2C563355008E077D /* Credentials.swift in Sources */,
				3EA9F0612B4B91FA002206EE /* Shop.swift in Sources */,
				3E7F72A92B5CF90E00922DB8 /* BottomSheetView.swift in Sources */,
				3E001FC82B9D83B500BF3E5E /* SettingRowView.swift in Sources */,
				3E6DA58E2B943BFF0091C8A6 /* MainView.swift in Sources */,
				3E6DA58A2B942DC90091C8A6 /* User+mock.swift in Sources */,
				3EA9F0752B4C0006002206EE /* ShopViewModel.swift in Sources */,
				3E6DA5882B94296D0091C8A6 /* User.swift in Sources */,
				3EA9F0632B4B9331002206EE /* Shop+mock.swift in Sources */,
				3E6DA58C2B9431210091C8A6 /* AuthViewModel.swift in Sources */,
				3EA9F07A2B4C093C002206EE /* LocationManager.swift in Sources */,
			);
			runOnlyForDeploymentPostprocessing = 0;
		};
/* End PBXSourcesBuildPhase section */

/* Begin PBXTargetDependency section */
		3E6DA5952B9C7FF00091C8A6 /* PBXTargetDependency */ = {
			isa = PBXTargetDependency;
			productRef = 3E6DA5942B9C7FF00091C8A6 /* RswiftGenerateInternalResources */;
		};
/* End PBXTargetDependency section */

/* Begin PBXVariantGroup section */
		3E6DA59C2B9C87A70091C8A6 /* Localizable.strings */ = {
			isa = PBXVariantGroup;
			children = (
				3E6DA59B2B9C87A70091C8A6 /* en */,
				3E6DA59D2B9C88450091C8A6 /* ja */,
			);
			name = Localizable.strings;
			sourceTree = "<group>";
		};
/* End PBXVariantGroup section */

/* Begin XCBuildConfiguration section */
		3EA9F0582B468EA4002206EE /* Debug */ = {
			isa = XCBuildConfiguration;
			buildSettings = {
				ALWAYS_SEARCH_USER_PATHS = NO;
				ASSETCATALOG_COMPILER_GENERATE_SWIFT_ASSET_SYMBOL_EXTENSIONS = YES;
				CLANG_ANALYZER_LOCALIZABILITY_NONLOCALIZED = YES;
				CLANG_ANALYZER_NONNULL = YES;
				CLANG_ANALYZER_NUMBER_OBJECT_CONVERSION = YES_AGGRESSIVE;
				CLANG_CXX_LANGUAGE_STANDARD = "gnu++20";
				CLANG_ENABLE_MODULES = YES;
				CLANG_ENABLE_OBJC_ARC = YES;
				CLANG_ENABLE_OBJC_WEAK = YES;
				CLANG_WARN_BLOCK_CAPTURE_AUTORELEASING = YES;
				CLANG_WARN_BOOL_CONVERSION = YES;
				CLANG_WARN_COMMA = YES;
				CLANG_WARN_CONSTANT_CONVERSION = YES;
				CLANG_WARN_DEPRECATED_OBJC_IMPLEMENTATIONS = YES;
				CLANG_WARN_DIRECT_OBJC_ISA_USAGE = YES_ERROR;
				CLANG_WARN_DOCUMENTATION_COMMENTS = YES;
				CLANG_WARN_EMPTY_BODY = YES;
				CLANG_WARN_ENUM_CONVERSION = YES;
				CLANG_WARN_INFINITE_RECURSION = YES;
				CLANG_WARN_INT_CONVERSION = YES;
				CLANG_WARN_NON_LITERAL_NULL_CONVERSION = YES;
				CLANG_WARN_OBJC_IMPLICIT_RETAIN_SELF = YES;
				CLANG_WARN_OBJC_LITERAL_CONVERSION = YES;
				CLANG_WARN_OBJC_ROOT_CLASS = YES_ERROR;
				CLANG_WARN_QUOTED_INCLUDE_IN_FRAMEWORK_HEADER = YES;
				CLANG_WARN_RANGE_LOOP_ANALYSIS = YES;
				CLANG_WARN_STRICT_PROTOTYPES = YES;
				CLANG_WARN_SUSPICIOUS_MOVE = YES;
				CLANG_WARN_UNGUARDED_AVAILABILITY = YES_AGGRESSIVE;
				CLANG_WARN_UNREACHABLE_CODE = YES;
				CLANG_WARN__DUPLICATE_METHOD_MATCH = YES;
				COPY_PHASE_STRIP = NO;
				DEBUG_INFORMATION_FORMAT = dwarf;
				ENABLE_STRICT_OBJC_MSGSEND = YES;
				ENABLE_TESTABILITY = YES;
				ENABLE_USER_SCRIPT_SANDBOXING = YES;
				GCC_C_LANGUAGE_STANDARD = gnu17;
				GCC_DYNAMIC_NO_PIC = NO;
				GCC_NO_COMMON_BLOCKS = YES;
				GCC_OPTIMIZATION_LEVEL = 0;
				GCC_PREPROCESSOR_DEFINITIONS = (
					"DEBUG=1",
					"$(inherited)",
				);
				GCC_WARN_64_TO_32_BIT_CONVERSION = YES;
				GCC_WARN_ABOUT_RETURN_TYPE = YES_ERROR;
				GCC_WARN_UNDECLARED_SELECTOR = YES;
				GCC_WARN_UNINITIALIZED_AUTOS = YES_AGGRESSIVE;
				GCC_WARN_UNUSED_FUNCTION = YES;
				GCC_WARN_UNUSED_VARIABLE = YES;
				IPHONEOS_DEPLOYMENT_TARGET = 17.0;
				LOCALIZATION_PREFERS_STRING_CATALOGS = YES;
				MTL_ENABLE_DEBUG_INFO = INCLUDE_SOURCE;
				MTL_FAST_MATH = YES;
				ONLY_ACTIVE_ARCH = YES;
				SDKROOT = iphoneos;
				SWIFT_ACTIVE_COMPILATION_CONDITIONS = "DEBUG $(inherited)";
				SWIFT_OPTIMIZATION_LEVEL = "-Onone";
			};
			name = Debug;
		};
		3EA9F0592B468EA4002206EE /* Release */ = {
			isa = XCBuildConfiguration;
			buildSettings = {
				ALWAYS_SEARCH_USER_PATHS = NO;
				ASSETCATALOG_COMPILER_GENERATE_SWIFT_ASSET_SYMBOL_EXTENSIONS = YES;
				CLANG_ANALYZER_LOCALIZABILITY_NONLOCALIZED = YES;
				CLANG_ANALYZER_NONNULL = YES;
				CLANG_ANALYZER_NUMBER_OBJECT_CONVERSION = YES_AGGRESSIVE;
				CLANG_CXX_LANGUAGE_STANDARD = "gnu++20";
				CLANG_ENABLE_MODULES = YES;
				CLANG_ENABLE_OBJC_ARC = YES;
				CLANG_ENABLE_OBJC_WEAK = YES;
				CLANG_WARN_BLOCK_CAPTURE_AUTORELEASING = YES;
				CLANG_WARN_BOOL_CONVERSION = YES;
				CLANG_WARN_COMMA = YES;
				CLANG_WARN_CONSTANT_CONVERSION = YES;
				CLANG_WARN_DEPRECATED_OBJC_IMPLEMENTATIONS = YES;
				CLANG_WARN_DIRECT_OBJC_ISA_USAGE = YES_ERROR;
				CLANG_WARN_DOCUMENTATION_COMMENTS = YES;
				CLANG_WARN_EMPTY_BODY = YES;
				CLANG_WARN_ENUM_CONVERSION = YES;
				CLANG_WARN_INFINITE_RECURSION = YES;
				CLANG_WARN_INT_CONVERSION = YES;
				CLANG_WARN_NON_LITERAL_NULL_CONVERSION = YES;
				CLANG_WARN_OBJC_IMPLICIT_RETAIN_SELF = YES;
				CLANG_WARN_OBJC_LITERAL_CONVERSION = YES;
				CLANG_WARN_OBJC_ROOT_CLASS = YES_ERROR;
				CLANG_WARN_QUOTED_INCLUDE_IN_FRAMEWORK_HEADER = YES;
				CLANG_WARN_RANGE_LOOP_ANALYSIS = YES;
				CLANG_WARN_STRICT_PROTOTYPES = YES;
				CLANG_WARN_SUSPICIOUS_MOVE = YES;
				CLANG_WARN_UNGUARDED_AVAILABILITY = YES_AGGRESSIVE;
				CLANG_WARN_UNREACHABLE_CODE = YES;
				CLANG_WARN__DUPLICATE_METHOD_MATCH = YES;
				COPY_PHASE_STRIP = NO;
				DEBUG_INFORMATION_FORMAT = "dwarf-with-dsym";
				ENABLE_NS_ASSERTIONS = NO;
				ENABLE_STRICT_OBJC_MSGSEND = YES;
				ENABLE_USER_SCRIPT_SANDBOXING = YES;
				GCC_C_LANGUAGE_STANDARD = gnu17;
				GCC_NO_COMMON_BLOCKS = YES;
				GCC_WARN_64_TO_32_BIT_CONVERSION = YES;
				GCC_WARN_ABOUT_RETURN_TYPE = YES_ERROR;
				GCC_WARN_UNDECLARED_SELECTOR = YES;
				GCC_WARN_UNINITIALIZED_AUTOS = YES_AGGRESSIVE;
				GCC_WARN_UNUSED_FUNCTION = YES;
				GCC_WARN_UNUSED_VARIABLE = YES;
				IPHONEOS_DEPLOYMENT_TARGET = 17.0;
				LOCALIZATION_PREFERS_STRING_CATALOGS = YES;
				MTL_ENABLE_DEBUG_INFO = NO;
				MTL_FAST_MATH = YES;
				SDKROOT = iphoneos;
				SWIFT_COMPILATION_MODE = wholemodule;
				VALIDATE_PRODUCT = YES;
			};
			name = Release;
		};
		3EA9F05B2B468EA4002206EE /* Debug */ = {
			isa = XCBuildConfiguration;
			buildSettings = {
				ASSETCATALOG_COMPILER_APPICON_NAME = AppIcon;
				ASSETCATALOG_COMPILER_GLOBAL_ACCENT_COLOR_NAME = AccentColor;
				CODE_SIGN_STYLE = Automatic;
				CURRENT_PROJECT_VERSION = 1;
				DEVELOPMENT_ASSET_PATHS = "\"BurgerMap/Preview Content\"";
				DEVELOPMENT_TEAM = U846247ZJT;
				ENABLE_PREVIEWS = YES;
				GENERATE_INFOPLIST_FILE = YES;
				INFOPLIST_FILE = BurgerMap/Info.plist;
				INFOPLIST_KEY_NSLocationWhenInUseUsageDescription = "現在地の表示および周辺検索に使用します。";
				INFOPLIST_KEY_UIApplicationSceneManifest_Generation = YES;
				INFOPLIST_KEY_UIApplicationSupportsIndirectInputEvents = YES;
				INFOPLIST_KEY_UILaunchScreen_Generation = YES;
				INFOPLIST_KEY_UISupportedInterfaceOrientations_iPad = "UIInterfaceOrientationPortrait UIInterfaceOrientationPortraitUpsideDown UIInterfaceOrientationLandscapeLeft UIInterfaceOrientationLandscapeRight";
				INFOPLIST_KEY_UISupportedInterfaceOrientations_iPhone = "UIInterfaceOrientationPortrait UIInterfaceOrientationLandscapeLeft UIInterfaceOrientationLandscapeRight";
				LD_RUNPATH_SEARCH_PATHS = (
					"$(inherited)",
					"@executable_path/Frameworks",
				);
				MARKETING_VERSION = 1.0;
				PRODUCT_BUNDLE_IDENTIFIER = com.sample.BurgerMap;
				PRODUCT_NAME = "$(TARGET_NAME)";
				SWIFT_EMIT_LOC_STRINGS = YES;
				SWIFT_STRICT_CONCURRENCY = targeted;
				SWIFT_VERSION = 5.0;
				TARGETED_DEVICE_FAMILY = "1,2";
			};
			name = Debug;
		};
		3EA9F05C2B468EA4002206EE /* Release */ = {
			isa = XCBuildConfiguration;
			buildSettings = {
				ASSETCATALOG_COMPILER_APPICON_NAME = AppIcon;
				ASSETCATALOG_COMPILER_GLOBAL_ACCENT_COLOR_NAME = AccentColor;
				CODE_SIGN_STYLE = Automatic;
				CURRENT_PROJECT_VERSION = 1;
				DEVELOPMENT_ASSET_PATHS = "\"BurgerMap/Preview Content\"";
				DEVELOPMENT_TEAM = U846247ZJT;
				ENABLE_PREVIEWS = YES;
				GENERATE_INFOPLIST_FILE = YES;
				INFOPLIST_FILE = BurgerMap/Info.plist;
				INFOPLIST_KEY_NSLocationWhenInUseUsageDescription = "現在地の表示および周辺検索に使用します。";
				INFOPLIST_KEY_UIApplicationSceneManifest_Generation = YES;
				INFOPLIST_KEY_UIApplicationSupportsIndirectInputEvents = YES;
				INFOPLIST_KEY_UILaunchScreen_Generation = YES;
				INFOPLIST_KEY_UISupportedInterfaceOrientations_iPad = "UIInterfaceOrientationPortrait UIInterfaceOrientationPortraitUpsideDown UIInterfaceOrientationLandscapeLeft UIInterfaceOrientationLandscapeRight";
				INFOPLIST_KEY_UISupportedInterfaceOrientations_iPhone = "UIInterfaceOrientationPortrait UIInterfaceOrientationLandscapeLeft UIInterfaceOrientationLandscapeRight";
				LD_RUNPATH_SEARCH_PATHS = (
					"$(inherited)",
					"@executable_path/Frameworks",
				);
				MARKETING_VERSION = 1.0;
				PRODUCT_BUNDLE_IDENTIFIER = com.sample.BurgerMap;
				PRODUCT_NAME = "$(TARGET_NAME)";
				SWIFT_EMIT_LOC_STRINGS = YES;
				SWIFT_STRICT_CONCURRENCY = targeted;
				SWIFT_VERSION = 5.0;
				TARGETED_DEVICE_FAMILY = "1,2";
			};
			name = Release;
		};
/* End XCBuildConfiguration section */

/* Begin XCConfigurationList section */
		3EA9F0472B468EA3002206EE /* Build configuration list for PBXProject "BurgerMap" */ = {
			isa = XCConfigurationList;
			buildConfigurations = (
				3EA9F0582B468EA4002206EE /* Debug */,
				3EA9F0592B468EA4002206EE /* Release */,
			);
			defaultConfigurationIsVisible = 0;
			defaultConfigurationName = Release;
		};
		3EA9F05A2B468EA4002206EE /* Build configuration list for PBXNativeTarget "BurgerMap" */ = {
			isa = XCConfigurationList;
			buildConfigurations = (
				3EA9F05B2B468EA4002206EE /* Debug */,
				3EA9F05C2B468EA4002206EE /* Release */,
			);
			defaultConfigurationIsVisible = 0;
			defaultConfigurationName = Release;
		};
/* End XCConfigurationList section */

/* Begin XCRemoteSwiftPackageReference section */
		3E6DA58F2B9C7FAE0091C8A6 /* XCRemoteSwiftPackageReference "R" */ = {
			isa = XCRemoteSwiftPackageReference;
			repositoryURL = "https://github.com/mac-cain13/R.swift";
			requirement = {
				kind = upToNextMajorVersion;
				minimumVersion = 7.5.0;
			};
		};
		3EDB8CB12C5631AA008E077D /* XCRemoteSwiftPackageReference "firebase-ios-sdk" */ = {
			isa = XCRemoteSwiftPackageReference;
			repositoryURL = "https://github.com/firebase/firebase-ios-sdk";
			requirement = {
				kind = upToNextMajorVersion;
				minimumVersion = 10.29.0;
			};
		};
/* End XCRemoteSwiftPackageReference section */

/* Begin XCSwiftPackageProductDependency section */
		3E6DA5902B9C7FAE0091C8A6 /* RswiftLibrary */ = {
			isa = XCSwiftPackageProductDependency;
			package = 3E6DA58F2B9C7FAE0091C8A6 /* XCRemoteSwiftPackageReference "R" */;
			productName = RswiftLibrary;
		};
		3E6DA5922B9C7FAE0091C8A6 /* rswift */ = {
			isa = XCSwiftPackageProductDependency;
			package = 3E6DA58F2B9C7FAE0091C8A6 /* XCRemoteSwiftPackageReference "R" */;
			productName = rswift;
		};
		3E6DA5942B9C7FF00091C8A6 /* RswiftGenerateInternalResources */ = {
			isa = XCSwiftPackageProductDependency;
			productName = "plugin:RswiftGenerateInternalResources";
		};
		3EDB8CB42C56320A008E077D /* FirebaseAuth */ = {
			isa = XCSwiftPackageProductDependency;
			package = 3EDB8CB12C5631AA008E077D /* XCRemoteSwiftPackageReference "firebase-ios-sdk" */;
			productName = FirebaseAuth;
		};
		3EDB8CB72C563242008E077D /* FirebaseFirestore */ = {
			isa = XCSwiftPackageProductDependency;
			package = 3EDB8CB12C5631AA008E077D /* XCRemoteSwiftPackageReference "firebase-ios-sdk" */;
			productName = FirebaseFirestore;
		};
/* End XCSwiftPackageProductDependency section */
	};
	rootObject = 3EA9F0442B468EA3002206EE /* Project object */;
}
